
Microsoft Visual Studio Solution File, Format Version 12.00
# Visual Studio Version 17
VisualStudioVersion = 17.8.34309.116
MinimumVisualStudioVersion = 10.0.40219.1
Project("{FAE04EC0-301F-11D3-BF4B-00C04F79EFBC}") = "EmployeeAdminPortal", "EmployeeAdminPortal\EmployeeAdminPortal.csproj", "{9051D639-C547-472D-9059-C08DFB1437EB}"
EndProject
Global
	GlobalSection(SolutionConfigurationPlatforms) = preSolution
		Debug|Any CPU = Debug|Any CPU
		Release|Any CPU = Release|Any CPU
	EndGlobalSection
	GlobalSection(ProjectConfigurationPlatforms) = postSolution
		{9051D639-C547-472D-9059-C08DFB1437EB}.Debug|Any CPU.ActiveCfg = Debug|Any CPU
		{9051D639-C547-472D-9059-C08DFB1437EB}.Debug|Any CPU.Build.0 = Debug|Any CPU
		{9051D639-C547-472D-9059-C08DFB1437EB}.Release|Any CPU.ActiveCfg = Release|Any CPU
		{9051D639-C547-472D-9059-C08DFB1437EB}.Release|Any CPU.Build.0 = Release|Any CPU
	EndGlobalSection
	GlobalSection(SolutionProperties) = preSolution
		HideSolutionNode = FALSE
	EndGlobalSection
	GlobalSection(ExtensibilityGlobals) = postSolution
		SolutionGuid = {F5A0F724-D817-4782-B961-AC1DB1F284F2}
	EndGlobalSection
EndGlobal
